# THIS IS AN AUTOGENERATED FILE. DO NOT EDIT THIS FILE DIRECTLY.
# yarn lockfile v1


asn1@~0.2.0:
  version "0.2.3"
  resolved "https://registry.yarnpkg.com/asn1/-/asn1-0.2.3.tgz#dac8787713c9966849fc8180777ebe9c1ddf3b86"

async@^1.5.2:
  version "1.5.2"
  resolved "https://registry.yarnpkg.com/async/-/async-1.5.2.tgz#ec6a61ae56480c0c3cb241c95618e20892f9672a"

dotenv@^6.0.0:
  version "6.0.0"
  resolved "https://registry.yarnpkg.com/dotenv/-/dotenv-6.0.0.tgz#24e37c041741c5f4b25324958ebbc34bca965935"

jszip@^2.4.0:
  version "2.6.1"
  resolved "https://registry.yarnpkg.com/jszip/-/jszip-2.6.1.tgz#b88f3a7b2e67a2a048152982c7a3756d9c4828f0"
  dependencies:
    pako "~1.0.2"

pako@~1.0.2:
  version "1.0.6"
  resolved "https://registry.yarnpkg.com/pako/-/pako-1.0.6.tgz#0101211baa70c4bca4a0f63f2206e97b7dfaf258"

replace-in-file-webpack-plugin@^1.0.6:
  version "1.0.6"
  resolved "https://registry.yarnpkg.com/replace-in-file-webpack-plugin/-/replace-in-file-webpack-plugin-1.0.6.tgz#eee7e139be967e8e48a0552f73037ed567b54dbd"

semver@^5.1.0:
  version "5.5.0"
  resolved "https://registry.yarnpkg.com/semver/-/semver-5.5.0.tgz#dc4bbc7a6ca9d916dee5d43516f0092b58f7b8ab"

ssh2-streams@~0.2.0:
  version "0.2.1"
  resolved "https://registry.yarnpkg.com/ssh2-streams/-/ssh2-streams-0.2.1.tgz#9c9c9964be60e9644575af328677f64b1e5cbd79"
  dependencies:
    asn1 "~0.2.0"
    semver "^5.1.0"
    streamsearch "~0.1.2"

ssh2@^0.6.1:
  version "0.6.1"
  resolved "https://registry.yarnpkg.com/ssh2/-/ssh2-0.6.1.tgz#5dde1a7394bb978b1f9c2f014affee2f5493bd40"
  dependencies:
    ssh2-streams "~0.2.0"

streamsearch@~0.1.2:
  version "0.1.2"
  resolved "https://registry.yarnpkg.com/streamsearch/-/streamsearch-0.1.2.tgz#808b9d0e56fc273d809ba57338e929919a1a9f1a"

zip-dir@^1.0.2:
  version "1.0.2"
  resolved "https://registry.yarnpkg.com/zip-dir/-/zip-dir-1.0.2.tgz#253f907aead62a21acd8721d8b88032b2411c051"
  dependencies:
    async "^1.5.2"
    jszip "^2.4.0"
